
Microsoft Visual Studio Solution File, Format Version 12.00
# Visual Studio 15
VisualStudioVersion = 15.0.26403.7
MinimumVisualStudioVersion = 10.0.40219.1
Project("{9A19103F-16F7-4668-BE54-9A1E7A4F7556}") = "oauth2.client-site.core", "src\oauth2.client-site.core\oauth2.client-site.core.csproj", "{19D054C8-D764-4657-859D-8CF0E13B9666}"
EndProject
Project("{FAE04EC0-301F-11D3-BF4B-00C04F79EFBC}") = "oauth2.client-site.owin", "src\oauth2.client-site.owin\oauth2.client-site.owin.csproj", "{01459E23-51CD-4250-B035-E07B79A9FA8F}"
EndProject
Project("{9A19103F-16F7-4668-BE54-9A1E7A4F7556}") = "oauth2.middleware.qqconnect-core", "src\oauth2.middleware.qqconnect-core\oauth2.middleware.qqconnect-core.csproj", "{963D6168-7BDF-4440-9F7C-BAE5B0121321}"
EndProject
Project("{FAE04EC0-301F-11D3-BF4B-00C04F79EFBC}") = "oauth2.middleware.qqconnect-owin", "src\oauth2.middleware.qqconnect-owin\oauth2.middleware.qqconnect-owin.csproj", "{5061D3C7-03B2-4651-9B3E-9C828F52AC13}"
EndProject
Project("{FAE04EC0-301F-11D3-BF4B-00C04F79EFBC}") = "oidc.client-site.implicit", "src\oidc.client-site.implicit\oidc.client-site.implicit.csproj", "{3379C679-CFFB-4A66-A75B-3A97F44FC1D0}"
EndProject
Project("{FAE04EC0-301F-11D3-BF4B-00C04F79EFBC}") = "oidc.client-site.js", "src\oidc.client-site.js\oidc.client-site.js.csproj", "{161DFF05-0927-4B7E-AA1B-915F264A3382}"
EndProject
Project("{FAE04EC0-301F-11D3-BF4B-00C04F79EFBC}") = "oidc.client-uwp.authorization-code-flow", "src\oidc.client-uwp.authorization-code-flow\oidc.client-uwp.authorization-code-flow.csproj", "{CA720E28-6B7D-4494-97A9-0335331041AB}"
EndProject
Project("{FAE04EC0-301F-11D3-BF4B-00C04F79EFBC}") = "oidc.server-site.ids3", "src\oidc.server-site.ids3\oidc.server-site.ids3.csproj", "{03801CD6-09FB-4135-977B-5A87C23EFC1B}"
EndProject
Project("{9A19103F-16F7-4668-BE54-9A1E7A4F7556}") = "oidc.server-site.ids4", "src\oidc.server-site.ids4\oidc.server-site.ids4.csproj", "{936CA61B-6EA7-4147-B7BA-251F7C8BC7AE}"
EndProject
Project("{2150E333-8FDC-42A3-9474-1A3956D46DE8}") = "middleware", "middleware", "{B5BC7B37-F3D7-469A-B740-96001AFE9B37}"
EndProject
Project("{2150E333-8FDC-42A3-9474-1A3956D46DE8}") = "oauth2.middleware.qqconnect", "oauth2.middleware.qqconnect", "{3B57B03B-1DC5-4A1B-84D1-F781D76CA663}"
	ProjectSection(SolutionItems) = preProject
		src\oauth2.middleware.qqconnect\QQConncetHelper.cs = src\oauth2.middleware.qqconnect\QQConncetHelper.cs
		src\oauth2.middleware.qqconnect\QQConncetProfile.cs = src\oauth2.middleware.qqconnect\QQConncetProfile.cs
		src\oauth2.middleware.qqconnect\QQConnectDefaults.cs = src\oauth2.middleware.qqconnect\QQConnectDefaults.cs
		src\oauth2.middleware.qqconnect\QQConnectSignInParams.cs = src\oauth2.middleware.qqconnect\QQConnectSignInParams.cs
		src\oauth2.middleware.qqconnect\TryExtensions.cs = src\oauth2.middleware.qqconnect\TryExtensions.cs
	EndProjectSection
EndProject
Project("{2150E333-8FDC-42A3-9474-1A3956D46DE8}") = "oauth2", "oauth2", "{04E113C1-CFAD-463F-9EA1-53ED81C301AD}"
EndProject
Project("{2150E333-8FDC-42A3-9474-1A3956D46DE8}") = "oidc.clients", "oidc.clients", "{CB88D70E-F90F-407A-8680-C8327076B3F9}"
EndProject
Project("{2150E333-8FDC-42A3-9474-1A3956D46DE8}") = "oidc.servers", "oidc.servers", "{E1945585-1D4D-4E67-96EE-BD277306FCD0}"
EndProject
Project("{2150E333-8FDC-42A3-9474-1A3956D46DE8}") = "_shared", "_shared", "{7BED3B30-A933-4783-BB29-209D53B8938D}"
	ProjectSection(SolutionItems) = preProject
		src\_shared\QQConnectConfig.cs = src\_shared\QQConnectConfig.cs
	EndProjectSection
EndProject
Global
	GlobalSection(SolutionConfigurationPlatforms) = preSolution
		Debug|Any CPU = Debug|Any CPU
		Debug|x86 = Debug|x86
	EndGlobalSection
	GlobalSection(ProjectConfigurationPlatforms) = postSolution
		{19D054C8-D764-4657-859D-8CF0E13B9666}.Debug|Any CPU.ActiveCfg = Debug|Any CPU
		{19D054C8-D764-4657-859D-8CF0E13B9666}.Debug|Any CPU.Build.0 = Debug|Any CPU
		{19D054C8-D764-4657-859D-8CF0E13B9666}.Debug|x86.ActiveCfg = Debug|Any CPU
		{19D054C8-D764-4657-859D-8CF0E13B9666}.Debug|x86.Build.0 = Debug|Any CPU
		{01459E23-51CD-4250-B035-E07B79A9FA8F}.Debug|Any CPU.ActiveCfg = Debug|Any CPU
		{01459E23-51CD-4250-B035-E07B79A9FA8F}.Debug|Any CPU.Build.0 = Debug|Any CPU
		{01459E23-51CD-4250-B035-E07B79A9FA8F}.Debug|x86.ActiveCfg = Debug|Any CPU
		{01459E23-51CD-4250-B035-E07B79A9FA8F}.Debug|x86.Build.0 = Debug|Any CPU
		{963D6168-7BDF-4440-9F7C-BAE5B0121321}.Debug|Any CPU.ActiveCfg = Debug|Any CPU
		{963D6168-7BDF-4440-9F7C-BAE5B0121321}.Debug|Any CPU.Build.0 = Debug|Any CPU
		{963D6168-7BDF-4440-9F7C-BAE5B0121321}.Debug|x86.ActiveCfg = Debug|Any CPU
		{963D6168-7BDF-4440-9F7C-BAE5B0121321}.Debug|x86.Build.0 = Debug|Any CPU
		{5061D3C7-03B2-4651-9B3E-9C828F52AC13}.Debug|Any CPU.ActiveCfg = Debug|Any CPU
		{5061D3C7-03B2-4651-9B3E-9C828F52AC13}.Debug|Any CPU.Build.0 = Debug|Any CPU
		{5061D3C7-03B2-4651-9B3E-9C828F52AC13}.Debug|x86.ActiveCfg = Debug|Any CPU
		{5061D3C7-03B2-4651-9B3E-9C828F52AC13}.Debug|x86.Build.0 = Debug|Any CPU
		{3379C679-CFFB-4A66-A75B-3A97F44FC1D0}.Debug|Any CPU.ActiveCfg = Debug|Any CPU
		{3379C679-CFFB-4A66-A75B-3A97F44FC1D0}.Debug|Any CPU.Build.0 = Debug|Any CPU
		{3379C679-CFFB-4A66-A75B-3A97F44FC1D0}.Debug|x86.ActiveCfg = Debug|Any CPU
		{3379C679-CFFB-4A66-A75B-3A97F44FC1D0}.Debug|x86.Build.0 = Debug|Any CPU
		{161DFF05-0927-4B7E-AA1B-915F264A3382}.Debug|Any CPU.ActiveCfg = Debug|Any CPU
		{161DFF05-0927-4B7E-AA1B-915F264A3382}.Debug|Any CPU.Build.0 = Debug|Any CPU
		{161DFF05-0927-4B7E-AA1B-915F264A3382}.Debug|x86.ActiveCfg = Debug|Any CPU
		{161DFF05-0927-4B7E-AA1B-915F264A3382}.Debug|x86.Build.0 = Debug|Any CPU
		{CA720E28-6B7D-4494-97A9-0335331041AB}.Debug|Any CPU.ActiveCfg = Debug|x86
		{CA720E28-6B7D-4494-97A9-0335331041AB}.Debug|x86.ActiveCfg = Debug|x86
		{CA720E28-6B7D-4494-97A9-0335331041AB}.Debug|x86.Build.0 = Debug|x86
		{CA720E28-6B7D-4494-97A9-0335331041AB}.Debug|x86.Deploy.0 = Debug|x86
		{03801CD6-09FB-4135-977B-5A87C23EFC1B}.Debug|Any CPU.ActiveCfg = Debug|Any CPU
		{03801CD6-09FB-4135-977B-5A87C23EFC1B}.Debug|Any CPU.Build.0 = Debug|Any CPU
		{03801CD6-09FB-4135-977B-5A87C23EFC1B}.Debug|x86.ActiveCfg = Debug|Any CPU
		{03801CD6-09FB-4135-977B-5A87C23EFC1B}.Debug|x86.Build.0 = Debug|Any CPU
		{936CA61B-6EA7-4147-B7BA-251F7C8BC7AE}.Debug|Any CPU.ActiveCfg = Debug|Any CPU
		{936CA61B-6EA7-4147-B7BA-251F7C8BC7AE}.Debug|Any CPU.Build.0 = Debug|Any CPU
		{936CA61B-6EA7-4147-B7BA-251F7C8BC7AE}.Debug|x86.ActiveCfg = Debug|Any CPU
		{936CA61B-6EA7-4147-B7BA-251F7C8BC7AE}.Debug|x86.Build.0 = Debug|Any CPU
	EndGlobalSection
	GlobalSection(SolutionProperties) = preSolution
		HideSolutionNode = FALSE
	EndGlobalSection
	GlobalSection(NestedProjects) = preSolution
		{19D054C8-D764-4657-859D-8CF0E13B9666} = {04E113C1-CFAD-463F-9EA1-53ED81C301AD}
		{01459E23-51CD-4250-B035-E07B79A9FA8F} = {04E113C1-CFAD-463F-9EA1-53ED81C301AD}
		{963D6168-7BDF-4440-9F7C-BAE5B0121321} = {B5BC7B37-F3D7-469A-B740-96001AFE9B37}
		{5061D3C7-03B2-4651-9B3E-9C828F52AC13} = {B5BC7B37-F3D7-469A-B740-96001AFE9B37}
		{3379C679-CFFB-4A66-A75B-3A97F44FC1D0} = {CB88D70E-F90F-407A-8680-C8327076B3F9}
		{161DFF05-0927-4B7E-AA1B-915F264A3382} = {CB88D70E-F90F-407A-8680-C8327076B3F9}
		{CA720E28-6B7D-4494-97A9-0335331041AB} = {CB88D70E-F90F-407A-8680-C8327076B3F9}
		{03801CD6-09FB-4135-977B-5A87C23EFC1B} = {E1945585-1D4D-4E67-96EE-BD277306FCD0}
		{936CA61B-6EA7-4147-B7BA-251F7C8BC7AE} = {E1945585-1D4D-4E67-96EE-BD277306FCD0}
		{3B57B03B-1DC5-4A1B-84D1-F781D76CA663} = {B5BC7B37-F3D7-469A-B740-96001AFE9B37}
	EndGlobalSection
EndGlobal
