
Microsoft Visual Studio Solution File, Format Version 12.00
# Visual Studio 15
VisualStudioVersion = 15.0.26403.7
MinimumVisualStudioVersion = 10.0.40219.1
Project("{2150E333-8FDC-42A3-9474-1A3956D46DE8}") = "src", "src", "{7C815EEB-B2A1-4B34-83BA-03BB3DDC28CB}"
EndProject
Project("{2150E333-8FDC-42A3-9474-1A3956D46DE8}") = "clients", "clients", "{47D6CE69-A9A6-4F35-9BB0-956C88B51489}"
EndProject
Project("{2150E333-8FDC-42A3-9474-1A3956D46DE8}") = "servers", "servers", "{30C3E4FA-C7DB-4F96-B458-1C595D4B16E9}"
EndProject
Project("{FAE04EC0-301F-11D3-BF4B-00C04F79EFBC}") = "Client.JS", "src\clients\Client.JS\Client.JS.csproj", "{161DFF05-0927-4B7E-AA1B-915F264A3382}"
EndProject
Project("{FAE04EC0-301F-11D3-BF4B-00C04F79EFBC}") = "Client.Implicit", "src\clients\Client.Implicit\Client.Implicit.csproj", "{3379C679-CFFB-4A66-A75B-3A97F44FC1D0}"
EndProject
Project("{FAE04EC0-301F-11D3-BF4B-00C04F79EFBC}") = "Client.AuthorizationCodeFlow.UWP", "src\clients\Client.AuthorizationCodeFlow.UWP\Client.AuthorizationCodeFlow.UWP.csproj", "{CA720E28-6B7D-4494-97A9-0335331041AB}"
EndProject
Project("{FAE04EC0-301F-11D3-BF4B-00C04F79EFBC}") = "OAuth2.QQConnect", "src\servers\OAuth2.QQConnect\OAuth2.QQConnect.csproj", "{1C5B12E4-C741-4B26-AD95-1365440C1237}"
EndProject
Project("{FAE04EC0-301F-11D3-BF4B-00C04F79EFBC}") = "Ids3.Host", "src\servers\Ids3.Host\Ids3.Host.csproj", "{03801CD6-09FB-4135-977B-5A87C23EFC1B}"
EndProject
Project("{FAE04EC0-301F-11D3-BF4B-00C04F79EFBC}") = "Ids4.Host", "src\servers\Ids4.Host\Ids4.Host.csproj", "{577822A5-1B63-445E-8A85-9B72FFCDFF39}"
EndProject
Global
	GlobalSection(SolutionConfigurationPlatforms) = preSolution
		Debug|Any CPU = Debug|Any CPU
		Debug|ARM = Debug|ARM
		Debug|x64 = Debug|x64
		Debug|x86 = Debug|x86
		Release|Any CPU = Release|Any CPU
		Release|ARM = Release|ARM
		Release|x64 = Release|x64
		Release|x86 = Release|x86
	EndGlobalSection
	GlobalSection(ProjectConfigurationPlatforms) = postSolution
		{161DFF05-0927-4B7E-AA1B-915F264A3382}.Debug|Any CPU.ActiveCfg = Debug|Any CPU
		{161DFF05-0927-4B7E-AA1B-915F264A3382}.Debug|Any CPU.Build.0 = Debug|Any CPU
		{161DFF05-0927-4B7E-AA1B-915F264A3382}.Debug|ARM.ActiveCfg = Debug|Any CPU
		{161DFF05-0927-4B7E-AA1B-915F264A3382}.Debug|ARM.Build.0 = Debug|Any CPU
		{161DFF05-0927-4B7E-AA1B-915F264A3382}.Debug|x64.ActiveCfg = Debug|Any CPU
		{161DFF05-0927-4B7E-AA1B-915F264A3382}.Debug|x64.Build.0 = Debug|Any CPU
		{161DFF05-0927-4B7E-AA1B-915F264A3382}.Debug|x86.ActiveCfg = Debug|Any CPU
		{161DFF05-0927-4B7E-AA1B-915F264A3382}.Debug|x86.Build.0 = Debug|Any CPU
		{161DFF05-0927-4B7E-AA1B-915F264A3382}.Release|Any CPU.ActiveCfg = Release|Any CPU
		{161DFF05-0927-4B7E-AA1B-915F264A3382}.Release|Any CPU.Build.0 = Release|Any CPU
		{161DFF05-0927-4B7E-AA1B-915F264A3382}.Release|ARM.ActiveCfg = Release|Any CPU
		{161DFF05-0927-4B7E-AA1B-915F264A3382}.Release|ARM.Build.0 = Release|Any CPU
		{161DFF05-0927-4B7E-AA1B-915F264A3382}.Release|x64.ActiveCfg = Release|Any CPU
		{161DFF05-0927-4B7E-AA1B-915F264A3382}.Release|x64.Build.0 = Release|Any CPU
		{161DFF05-0927-4B7E-AA1B-915F264A3382}.Release|x86.ActiveCfg = Release|Any CPU
		{161DFF05-0927-4B7E-AA1B-915F264A3382}.Release|x86.Build.0 = Release|Any CPU
		{3379C679-CFFB-4A66-A75B-3A97F44FC1D0}.Debug|Any CPU.ActiveCfg = Debug|Any CPU
		{3379C679-CFFB-4A66-A75B-3A97F44FC1D0}.Debug|Any CPU.Build.0 = Debug|Any CPU
		{3379C679-CFFB-4A66-A75B-3A97F44FC1D0}.Debug|ARM.ActiveCfg = Debug|Any CPU
		{3379C679-CFFB-4A66-A75B-3A97F44FC1D0}.Debug|ARM.Build.0 = Debug|Any CPU
		{3379C679-CFFB-4A66-A75B-3A97F44FC1D0}.Debug|x64.ActiveCfg = Debug|Any CPU
		{3379C679-CFFB-4A66-A75B-3A97F44FC1D0}.Debug|x64.Build.0 = Debug|Any CPU
		{3379C679-CFFB-4A66-A75B-3A97F44FC1D0}.Debug|x86.ActiveCfg = Debug|Any CPU
		{3379C679-CFFB-4A66-A75B-3A97F44FC1D0}.Debug|x86.Build.0 = Debug|Any CPU
		{3379C679-CFFB-4A66-A75B-3A97F44FC1D0}.Release|Any CPU.ActiveCfg = Release|Any CPU
		{3379C679-CFFB-4A66-A75B-3A97F44FC1D0}.Release|Any CPU.Build.0 = Release|Any CPU
		{3379C679-CFFB-4A66-A75B-3A97F44FC1D0}.Release|ARM.ActiveCfg = Release|Any CPU
		{3379C679-CFFB-4A66-A75B-3A97F44FC1D0}.Release|ARM.Build.0 = Release|Any CPU
		{3379C679-CFFB-4A66-A75B-3A97F44FC1D0}.Release|x64.ActiveCfg = Release|Any CPU
		{3379C679-CFFB-4A66-A75B-3A97F44FC1D0}.Release|x64.Build.0 = Release|Any CPU
		{3379C679-CFFB-4A66-A75B-3A97F44FC1D0}.Release|x86.ActiveCfg = Release|Any CPU
		{3379C679-CFFB-4A66-A75B-3A97F44FC1D0}.Release|x86.Build.0 = Release|Any CPU
		{CA720E28-6B7D-4494-97A9-0335331041AB}.Debug|Any CPU.ActiveCfg = Debug|x86
		{CA720E28-6B7D-4494-97A9-0335331041AB}.Debug|ARM.ActiveCfg = Debug|ARM
		{CA720E28-6B7D-4494-97A9-0335331041AB}.Debug|ARM.Build.0 = Debug|ARM
		{CA720E28-6B7D-4494-97A9-0335331041AB}.Debug|ARM.Deploy.0 = Debug|ARM
		{CA720E28-6B7D-4494-97A9-0335331041AB}.Debug|x64.ActiveCfg = Debug|x64
		{CA720E28-6B7D-4494-97A9-0335331041AB}.Debug|x64.Build.0 = Debug|x64
		{CA720E28-6B7D-4494-97A9-0335331041AB}.Debug|x64.Deploy.0 = Debug|x64
		{CA720E28-6B7D-4494-97A9-0335331041AB}.Debug|x86.ActiveCfg = Debug|x86
		{CA720E28-6B7D-4494-97A9-0335331041AB}.Debug|x86.Build.0 = Debug|x86
		{CA720E28-6B7D-4494-97A9-0335331041AB}.Debug|x86.Deploy.0 = Debug|x86
		{CA720E28-6B7D-4494-97A9-0335331041AB}.Release|Any CPU.ActiveCfg = Release|x86
		{CA720E28-6B7D-4494-97A9-0335331041AB}.Release|ARM.ActiveCfg = Release|ARM
		{CA720E28-6B7D-4494-97A9-0335331041AB}.Release|ARM.Build.0 = Release|ARM
		{CA720E28-6B7D-4494-97A9-0335331041AB}.Release|ARM.Deploy.0 = Release|ARM
		{CA720E28-6B7D-4494-97A9-0335331041AB}.Release|x64.ActiveCfg = Release|x64
		{CA720E28-6B7D-4494-97A9-0335331041AB}.Release|x64.Build.0 = Release|x64
		{CA720E28-6B7D-4494-97A9-0335331041AB}.Release|x64.Deploy.0 = Release|x64
		{CA720E28-6B7D-4494-97A9-0335331041AB}.Release|x86.ActiveCfg = Release|x86
		{CA720E28-6B7D-4494-97A9-0335331041AB}.Release|x86.Build.0 = Release|x86
		{CA720E28-6B7D-4494-97A9-0335331041AB}.Release|x86.Deploy.0 = Release|x86
		{1C5B12E4-C741-4B26-AD95-1365440C1237}.Debug|Any CPU.ActiveCfg = Debug|Any CPU
		{1C5B12E4-C741-4B26-AD95-1365440C1237}.Debug|Any CPU.Build.0 = Debug|Any CPU
		{1C5B12E4-C741-4B26-AD95-1365440C1237}.Debug|ARM.ActiveCfg = Debug|Any CPU
		{1C5B12E4-C741-4B26-AD95-1365440C1237}.Debug|ARM.Build.0 = Debug|Any CPU
		{1C5B12E4-C741-4B26-AD95-1365440C1237}.Debug|x64.ActiveCfg = Debug|Any CPU
		{1C5B12E4-C741-4B26-AD95-1365440C1237}.Debug|x64.Build.0 = Debug|Any CPU
		{1C5B12E4-C741-4B26-AD95-1365440C1237}.Debug|x86.ActiveCfg = Debug|Any CPU
		{1C5B12E4-C741-4B26-AD95-1365440C1237}.Debug|x86.Build.0 = Debug|Any CPU
		{1C5B12E4-C741-4B26-AD95-1365440C1237}.Release|Any CPU.ActiveCfg = Release|Any CPU
		{1C5B12E4-C741-4B26-AD95-1365440C1237}.Release|Any CPU.Build.0 = Release|Any CPU
		{1C5B12E4-C741-4B26-AD95-1365440C1237}.Release|ARM.ActiveCfg = Release|Any CPU
		{1C5B12E4-C741-4B26-AD95-1365440C1237}.Release|ARM.Build.0 = Release|Any CPU
		{1C5B12E4-C741-4B26-AD95-1365440C1237}.Release|x64.ActiveCfg = Release|Any CPU
		{1C5B12E4-C741-4B26-AD95-1365440C1237}.Release|x64.Build.0 = Release|Any CPU
		{1C5B12E4-C741-4B26-AD95-1365440C1237}.Release|x86.ActiveCfg = Release|Any CPU
		{1C5B12E4-C741-4B26-AD95-1365440C1237}.Release|x86.Build.0 = Release|Any CPU
		{03801CD6-09FB-4135-977B-5A87C23EFC1B}.Debug|Any CPU.ActiveCfg = Debug|Any CPU
		{03801CD6-09FB-4135-977B-5A87C23EFC1B}.Debug|Any CPU.Build.0 = Debug|Any CPU
		{03801CD6-09FB-4135-977B-5A87C23EFC1B}.Debug|ARM.ActiveCfg = Debug|Any CPU
		{03801CD6-09FB-4135-977B-5A87C23EFC1B}.Debug|ARM.Build.0 = Debug|Any CPU
		{03801CD6-09FB-4135-977B-5A87C23EFC1B}.Debug|x64.ActiveCfg = Debug|Any CPU
		{03801CD6-09FB-4135-977B-5A87C23EFC1B}.Debug|x64.Build.0 = Debug|Any CPU
		{03801CD6-09FB-4135-977B-5A87C23EFC1B}.Debug|x86.ActiveCfg = Debug|Any CPU
		{03801CD6-09FB-4135-977B-5A87C23EFC1B}.Debug|x86.Build.0 = Debug|Any CPU
		{03801CD6-09FB-4135-977B-5A87C23EFC1B}.Release|Any CPU.ActiveCfg = Release|Any CPU
		{03801CD6-09FB-4135-977B-5A87C23EFC1B}.Release|Any CPU.Build.0 = Release|Any CPU
		{03801CD6-09FB-4135-977B-5A87C23EFC1B}.Release|ARM.ActiveCfg = Release|Any CPU
		{03801CD6-09FB-4135-977B-5A87C23EFC1B}.Release|ARM.Build.0 = Release|Any CPU
		{03801CD6-09FB-4135-977B-5A87C23EFC1B}.Release|x64.ActiveCfg = Release|Any CPU
		{03801CD6-09FB-4135-977B-5A87C23EFC1B}.Release|x64.Build.0 = Release|Any CPU
		{03801CD6-09FB-4135-977B-5A87C23EFC1B}.Release|x86.ActiveCfg = Release|Any CPU
		{03801CD6-09FB-4135-977B-5A87C23EFC1B}.Release|x86.Build.0 = Release|Any CPU
		{577822A5-1B63-445E-8A85-9B72FFCDFF39}.Debug|Any CPU.ActiveCfg = Debug|Any CPU
		{577822A5-1B63-445E-8A85-9B72FFCDFF39}.Debug|Any CPU.Build.0 = Debug|Any CPU
		{577822A5-1B63-445E-8A85-9B72FFCDFF39}.Debug|ARM.ActiveCfg = Debug|Any CPU
		{577822A5-1B63-445E-8A85-9B72FFCDFF39}.Debug|ARM.Build.0 = Debug|Any CPU
		{577822A5-1B63-445E-8A85-9B72FFCDFF39}.Debug|x64.ActiveCfg = Debug|Any CPU
		{577822A5-1B63-445E-8A85-9B72FFCDFF39}.Debug|x64.Build.0 = Debug|Any CPU
		{577822A5-1B63-445E-8A85-9B72FFCDFF39}.Debug|x86.ActiveCfg = Debug|Any CPU
		{577822A5-1B63-445E-8A85-9B72FFCDFF39}.Debug|x86.Build.0 = Debug|Any CPU
		{577822A5-1B63-445E-8A85-9B72FFCDFF39}.Release|Any CPU.ActiveCfg = Release|Any CPU
		{577822A5-1B63-445E-8A85-9B72FFCDFF39}.Release|Any CPU.Build.0 = Release|Any CPU
		{577822A5-1B63-445E-8A85-9B72FFCDFF39}.Release|ARM.ActiveCfg = Release|Any CPU
		{577822A5-1B63-445E-8A85-9B72FFCDFF39}.Release|ARM.Build.0 = Release|Any CPU
		{577822A5-1B63-445E-8A85-9B72FFCDFF39}.Release|x64.ActiveCfg = Release|Any CPU
		{577822A5-1B63-445E-8A85-9B72FFCDFF39}.Release|x64.Build.0 = Release|Any CPU
		{577822A5-1B63-445E-8A85-9B72FFCDFF39}.Release|x86.ActiveCfg = Release|Any CPU
		{577822A5-1B63-445E-8A85-9B72FFCDFF39}.Release|x86.Build.0 = Release|Any CPU
	EndGlobalSection
	GlobalSection(SolutionProperties) = preSolution
		HideSolutionNode = FALSE
	EndGlobalSection
	GlobalSection(NestedProjects) = preSolution
		{47D6CE69-A9A6-4F35-9BB0-956C88B51489} = {7C815EEB-B2A1-4B34-83BA-03BB3DDC28CB}
		{30C3E4FA-C7DB-4F96-B458-1C595D4B16E9} = {7C815EEB-B2A1-4B34-83BA-03BB3DDC28CB}
		{161DFF05-0927-4B7E-AA1B-915F264A3382} = {47D6CE69-A9A6-4F35-9BB0-956C88B51489}
		{3379C679-CFFB-4A66-A75B-3A97F44FC1D0} = {47D6CE69-A9A6-4F35-9BB0-956C88B51489}
		{CA720E28-6B7D-4494-97A9-0335331041AB} = {47D6CE69-A9A6-4F35-9BB0-956C88B51489}
		{1C5B12E4-C741-4B26-AD95-1365440C1237} = {30C3E4FA-C7DB-4F96-B458-1C595D4B16E9}
		{03801CD6-09FB-4135-977B-5A87C23EFC1B} = {30C3E4FA-C7DB-4F96-B458-1C595D4B16E9}
		{577822A5-1B63-445E-8A85-9B72FFCDFF39} = {30C3E4FA-C7DB-4F96-B458-1C595D4B16E9}
	EndGlobalSection
EndGlobal
